
Microsoft Visual Studio Solution File, Format Version 12.00
# Visual Studio Version 17
VisualStudioVersion = 17.14.36811.4
MinimumVisualStudioVersion = 10.0.40219.1
Project("{FAE04EC0-301F-11D3-BF4B-00C04F79EFBC}") = "Altairis.Backend", "Altairis.Backend.csproj", "{0A6B0AD8-35F4-4566-AE09-129C1C683D57}"
EndProject
Global
	GlobalSection(SolutionConfigurationPlatforms) = preSolution
		Debug|Any CPU = Debug|Any CPU
		Release|Any CPU = Release|Any CPU
	EndGlobalSection
	GlobalSection(ProjectConfigurationPlatforms) = postSolution
		{0A6B0AD8-35F4-4566-AE09-129C1C683D57}.Debug|Any CPU.ActiveCfg = Debug|Any CPU
		{0A6B0AD8-35F4-4566-AE09-129C1C683D57}.Debug|Any CPU.Build.0 = Debug|Any CPU
		{0A6B0AD8-35F4-4566-AE09-129C1C683D57}.Release|Any CPU.ActiveCfg = Release|Any CPU
		{0A6B0AD8-35F4-4566-AE09-129C1C683D57}.Release|Any CPU.Build.0 = Release|Any CPU
	EndGlobalSection
	GlobalSection(SolutionProperties) = preSolution
		HideSolutionNode = FALSE
	EndGlobalSection
	GlobalSection(ExtensibilityGlobals) = postSolution
		SolutionGuid = {B92F9FD5-3079-4A6D-A7B2-14633B34BF4F}
	EndGlobalSection
EndGlobal
